
Microsoft Visual Studio Solution File, Format Version 12.00
# Visual Studio Version 16
VisualStudioVersion = 16.0.31702.278
MinimumVisualStudioVersion = 10.0.40219.1
Project("{FAE04EC0-301F-11D3-BF4B-00C04F79EFBC}") = "ClientProxy-P4-049", "ClientProxy-P4-049\ClientProxy-P4-049.csproj", "{EECEC277-D92E-4C4F-815E-548489A382C0}"
EndProject
Global
	GlobalSection(SolutionConfigurationPlatforms) = preSolution
		Debug|Any CPU = Debug|Any CPU
		Release|Any CPU = Release|Any CPU
	EndGlobalSection
	GlobalSection(ProjectConfigurationPlatforms) = postSolution
		{EECEC277-D92E-4C4F-815E-548489A382C0}.Debug|Any CPU.ActiveCfg = Debug|Any CPU
		{EECEC277-D92E-4C4F-815E-548489A382C0}.Debug|Any CPU.Build.0 = Debug|Any CPU
		{EECEC277-D92E-4C4F-815E-548489A382C0}.Release|Any CPU.ActiveCfg = Release|Any CPU
		{EECEC277-D92E-4C4F-815E-548489A382C0}.Release|Any CPU.Build.0 = Release|Any CPU
	EndGlobalSection
	GlobalSection(SolutionProperties) = preSolution
		HideSolutionNode = FALSE
	EndGlobalSection
	GlobalSection(ExtensibilityGlobals) = postSolution
		SolutionGuid = {1E431B74-BDD5-441E-AF74-4FB363F542D9}
	EndGlobalSection
EndGlobal
